// !$*UTF8*$!
{
	archiveVersion = 1;
	classes = {
	};
	objectVersion = 56;
	objects = {

/* Begin PBXBuildFile section */
		1547861A2C404EB700A01644 /* main.cpp in Sources */ = {isa = PBXBuildFile; fileRef = 154786122C404EB700A01644 /* main.cpp */; };
		1547861B2C404EB700A01644 /* TwoSum.cpp in Sources */ = {isa = PBXBuildFile; fileRef = 154786162C404EB700A01644 /* TwoSum.cpp */; };
		1547861C2C404EB700A01644 /* vectorUtils.cpp in Sources */ = {isa = PBXBuildFile; fileRef = 154786182C404EB700A01644 /* vectorUtils.cpp */; };
		157867FE2C40529F00326057 /* BestTimeToBuyAndSellStock.cpp in Sources */ = {isa = PBXBuildFile; fileRef = 157867FC2C40529F00326057 /* BestTimeToBuyAndSellStock.cpp */; };
/* End PBXBuildFile section */

/* Begin PBXCopyFilesBuildPhase section */
		1522B21E2C1B84CB00FD995D /* CopyFiles */ = {
			isa = PBXCopyFilesBuildPhase;
			buildActionMask = 2147483647;
			dstPath = /usr/share/man/man1/;
			dstSubfolderSpec = 0;
			files = (
			);
			runOnlyForDeploymentPostprocessing = 1;
		};
/* End PBXCopyFilesBuildPhase section */

/* Begin PBXFileReference section */
		1522B2202C1B84CB00FD995D /* XCodePracticeC++ */ = {isa = PBXFileReference; explicitFileType = "compiled.mach-o.executable"; includeInIndex = 0; path = "XCodePracticeC++"; sourceTree = BUILT_PRODUCTS_DIR; };
		154786122C404EB700A01644 /* main.cpp */ = {isa = PBXFileReference; fileEncoding = 4; lastKnownFileType = sourcecode.cpp.cpp; name = main.cpp; path = "../../VSCodePracticeC++/src/main.cpp"; sourceTree = "<group>"; };
		154786152C404EB700A01644 /* TwoSum.hpp */ = {isa = PBXFileReference; fileEncoding = 4; lastKnownFileType = sourcecode.cpp.h; path = TwoSum.hpp; sourceTree = "<group>"; };
		154786162C404EB700A01644 /* TwoSum.cpp */ = {isa = PBXFileReference; fileEncoding = 4; lastKnownFileType = sourcecode.cpp.cpp; path = TwoSum.cpp; sourceTree = "<group>"; };
		154786182C404EB700A01644 /* vectorUtils.cpp */ = {isa = PBXFileReference; fileEncoding = 4; lastKnownFileType = sourcecode.cpp.cpp; path = vectorUtils.cpp; sourceTree = "<group>"; };
		154786192C404EB700A01644 /* vectorUtils.hpp */ = {isa = PBXFileReference; fileEncoding = 4; lastKnownFileType = sourcecode.cpp.h; path = vectorUtils.hpp; sourceTree = "<group>"; };
		157867FC2C40529F00326057 /* BestTimeToBuyAndSellStock.cpp */ = {isa = PBXFileReference; fileEncoding = 4; lastKnownFileType = sourcecode.cpp.cpp; path = BestTimeToBuyAndSellStock.cpp; sourceTree = "<group>"; };
		157867FD2C40529F00326057 /* BestTimeToBuyAndSellStock.hpp */ = {isa = PBXFileReference; fileEncoding = 4; lastKnownFileType = sourcecode.cpp.h; path = BestTimeToBuyAndSellStock.hpp; sourceTree = "<group>"; };
/* End PBXFileReference section */

/* Begin PBXFrameworksBuildPhase section */
		1522B21D2C1B84CB00FD995D /* Frameworks */ = {
			isa = PBXFrameworksBuildPhase;
			buildActionMask = 2147483647;
			files = (
			);
			runOnlyForDeploymentPostprocessing = 0;
		};
/* End PBXFrameworksBuildPhase section */

/* Begin PBXGroup section */
		1522B2172C1B84CB00FD995D = {
			isa = PBXGroup;
			children = (
				1522B2222C1B84CB00FD995D /* XCodePracticeC++ */,
				1522B2212C1B84CB00FD995D /* Products */,
			);
			sourceTree = "<group>";
		};
		1522B2212C1B84CB00FD995D /* Products */ = {
			isa = PBXGroup;
			children = (
				1522B2202C1B84CB00FD995D /* XCodePracticeC++ */,
			);
			name = Products;
			sourceTree = "<group>";
		};
		1522B2222C1B84CB00FD995D /* XCodePracticeC++ */ = {
			isa = PBXGroup;
			children = (
				154786132C404EB700A01644 /* Leetcode */,
				154786172C404EB700A01644 /* utils */,
				154786122C404EB700A01644 /* main.cpp */,
			);
			path = "XCodePracticeC++";
			sourceTree = "<group>";
		};
		154786132C404EB700A01644 /* Leetcode */ = {
			isa = PBXGroup;
			children = (
				154786142C404EB700A01644 /* Array */,
			);
			name = Leetcode;
			path = "../../VSCodePracticeC++/src/Leetcode";
			sourceTree = "<group>";
		};
		154786142C404EB700A01644 /* Array */ = {
			isa = PBXGroup;
			children = (
				157867FC2C40529F00326057 /* BestTimeToBuyAndSellStock.cpp */,
				157867FD2C40529F00326057 /* BestTimeToBuyAndSellStock.hpp */,
				154786152C404EB700A01644 /* TwoSum.hpp */,
				154786162C404EB700A01644 /* TwoSum.cpp */,
			);
			path = Array;
			sourceTree = "<group>";
		};
		154786172C404EB700A01644 /* utils */ = {
			isa = PBXGroup;
			children = (
				154786182C404EB700A01644 /* vectorUtils.cpp */,
				154786192C404EB700A01644 /* vectorUtils.hpp */,
			);
			name = utils;
			path = "../../VSCodePracticeC++/src/utils";
			sourceTree = "<group>";
		};
/* End PBXGroup section */

/* Begin PBXNativeTarget section */
		1522B21F2C1B84CB00FD995D /* XCodePracticeC++ */ = {
			isa = PBXNativeTarget;
			buildConfigurationList = 1522B2272C1B84CB00FD995D /* Build configuration list for PBXNativeTarget "XCodePracticeC++" */;
			buildPhases = (
				1522B21C2C1B84CB00FD995D /* Sources */,
				1522B21D2C1B84CB00FD995D /* Frameworks */,
				1522B21E2C1B84CB00FD995D /* CopyFiles */,
			);
			buildRules = (
			);
			dependencies = (
			);
			name = "XCodePracticeC++";
			productName = "XCodePracticeC++";
			productReference = 1522B2202C1B84CB00FD995D /* XCodePracticeC++ */;
			productType = "com.apple.product-type.tool";
		};
/* End PBXNativeTarget section */

/* Begin PBXProject section */
		1522B2182C1B84CB00FD995D /* Project object */ = {
			isa = PBXProject;
			attributes = {
				BuildIndependentTargetsInParallel = 1;
				LastUpgradeCheck = 1500;
				TargetAttributes = {
					1522B21F2C1B84CB00FD995D = {
						CreatedOnToolsVersion = 15.0.1;
					};
				};
			};
			buildConfigurationList = 1522B21B2C1B84CB00FD995D /* Build configuration list for PBXProject "XCodePracticeC++" */;
			compatibilityVersion = "Xcode 14.0";
			developmentRegion = en;
			hasScannedForEncodings = 0;
			knownRegions = (
				en,
				Base,
			);
			mainGroup = 1522B2172C1B84CB00FD995D;
			productRefGroup = 1522B2212C1B84CB00FD995D /* Products */;
			projectDirPath = "";
			projectRoot = "";
			targets = (
				1522B21F2C1B84CB00FD995D /* XCodePracticeC++ */,
			);
		};
/* End PBXProject section */

/* Begin PBXSourcesBuildPhase section */
		1522B21C2C1B84CB00FD995D /* Sources */ = {
			isa = PBXSourcesBuildPhase;
			buildActionMask = 2147483647;
			files = (
				1547861B2C404EB700A01644 /* TwoSum.cpp in Sources */,
				157867FE2C40529F00326057 /* BestTimeToBuyAndSellStock.cpp in Sources */,
				1547861C2C404EB700A01644 /* vectorUtils.cpp in Sources */,
				1547861A2C404EB700A01644 /* main.cpp in Sources */,
			);
			runOnlyForDeploymentPostprocessing = 0;
		};
/* End PBXSourcesBuildPhase section */

/* Begin XCBuildConfiguration section */
		1522B2252C1B84CB00FD995D /* Debug */ = {
			isa = XCBuildConfiguration;
			buildSettings = {
				ALWAYS_SEARCH_USER_PATHS = NO;
				ASSETCATALOG_COMPILER_GENERATE_SWIFT_ASSET_SYMBOL_EXTENSIONS = YES;
				CLANG_ANALYZER_NONNULL = YES;
				CLANG_ANALYZER_NUMBER_OBJECT_CONVERSION = YES_AGGRESSIVE;
				CLANG_CXX_LANGUAGE_STANDARD = "gnu++20";
				CLANG_ENABLE_MODULES = YES;
				CLANG_ENABLE_OBJC_ARC = YES;
				CLANG_ENABLE_OBJC_WEAK = YES;
				CLANG_WARN_BLOCK_CAPTURE_AUTORELEASING = YES;
				CLANG_WARN_BOOL_CONVERSION = YES;
				CLANG_WARN_COMMA = YES;
				CLANG_WARN_CONSTANT_CONVERSION = YES;
				CLANG_WARN_DEPRECATED_OBJC_IMPLEMENTATIONS = YES;
				CLANG_WARN_DIRECT_OBJC_ISA_USAGE = YES_ERROR;
				CLANG_WARN_DOCUMENTATION_COMMENTS = YES;
				CLANG_WARN_EMPTY_BODY = YES;
				CLANG_WARN_ENUM_CONVERSION = YES;
				CLANG_WARN_INFINITE_RECURSION = YES;
				CLANG_WARN_INT_CONVERSION = YES;
				CLANG_WARN_NON_LITERAL_NULL_CONVERSION = YES;
				CLANG_WARN_OBJC_IMPLICIT_RETAIN_SELF = YES;
				CLANG_WARN_OBJC_LITERAL_CONVERSION = YES;
				CLANG_WARN_OBJC_ROOT_CLASS = YES_ERROR;
				CLANG_WARN_QUOTED_INCLUDE_IN_FRAMEWORK_HEADER = YES;
				CLANG_WARN_RANGE_LOOP_ANALYSIS = YES;
				CLANG_WARN_STRICT_PROTOTYPES = YES;
				CLANG_WARN_SUSPICIOUS_MOVE = YES;
				CLANG_WARN_UNGUARDED_AVAILABILITY = YES_AGGRESSIVE;
				CLANG_WARN_UNREACHABLE_CODE = YES;
				CLANG_WARN__DUPLICATE_METHOD_MATCH = YES;
				COPY_PHASE_STRIP = NO;
				DEBUG_INFORMATION_FORMAT = dwarf;
				ENABLE_STRICT_OBJC_MSGSEND = YES;
				ENABLE_TESTABILITY = YES;
				ENABLE_USER_SCRIPT_SANDBOXING = YES;
				GCC_C_LANGUAGE_STANDARD = gnu17;
				GCC_DYNAMIC_NO_PIC = NO;
				GCC_NO_COMMON_BLOCKS = YES;
				GCC_OPTIMIZATION_LEVEL = 0;
				GCC_PREPROCESSOR_DEFINITIONS = (
					"DEBUG=1",
					"$(inherited)",
				);
				GCC_WARN_64_TO_32_BIT_CONVERSION = YES;
				GCC_WARN_ABOUT_RETURN_TYPE = YES_ERROR;
				GCC_WARN_UNDECLARED_SELECTOR = YES;
				GCC_WARN_UNINITIALIZED_AUTOS = YES_AGGRESSIVE;
				GCC_WARN_UNUSED_FUNCTION = YES;
				GCC_WARN_UNUSED_VARIABLE = YES;
				LOCALIZATION_PREFERS_STRING_CATALOGS = YES;
				MACOSX_DEPLOYMENT_TARGET = 14.0;
				MTL_ENABLE_DEBUG_INFO = INCLUDE_SOURCE;
				MTL_FAST_MATH = YES;
				ONLY_ACTIVE_ARCH = YES;
				SDKROOT = macosx;
			};
			name = Debug;
		};
		1522B2262C1B84CB00FD995D /* Release */ = {
			isa = XCBuildConfiguration;
			buildSettings = {
				ALWAYS_SEARCH_USER_PATHS = NO;
				ASSETCATALOG_COMPILER_GENERATE_SWIFT_ASSET_SYMBOL_EXTENSIONS = YES;
				CLANG_ANALYZER_NONNULL = YES;
				CLANG_ANALYZER_NUMBER_OBJECT_CONVERSION = YES_AGGRESSIVE;
				CLANG_CXX_LANGUAGE_STANDARD = "gnu++20";
				CLANG_ENABLE_MODULES = YES;
				CLANG_ENABLE_OBJC_ARC = YES;
				CLANG_ENABLE_OBJC_WEAK = YES;
				CLANG_WARN_BLOCK_CAPTURE_AUTORELEASING = YES;
				CLANG_WARN_BOOL_CONVERSION = YES;
				CLANG_WARN_COMMA = YES;
				CLANG_WARN_CONSTANT_CONVERSION = YES;
				CLANG_WARN_DEPRECATED_OBJC_IMPLEMENTATIONS = YES;
				CLANG_WARN_DIRECT_OBJC_ISA_USAGE = YES_ERROR;
				CLANG_WARN_DOCUMENTATION_COMMENTS = YES;
				CLANG_WARN_EMPTY_BODY = YES;
				CLANG_WARN_ENUM_CONVERSION = YES;
				CLANG_WARN_INFINITE_RECURSION = YES;
				CLANG_WARN_INT_CONVERSION = YES;
				CLANG_WARN_NON_LITERAL_NULL_CONVERSION = YES;
				CLANG_WARN_OBJC_IMPLICIT_RETAIN_SELF = YES;
				CLANG_WARN_OBJC_LITERAL_CONVERSION = YES;
				CLANG_WARN_OBJC_ROOT_CLASS = YES_ERROR;
				CLANG_WARN_QUOTED_INCLUDE_IN_FRAMEWORK_HEADER = YES;
				CLANG_WARN_RANGE_LOOP_ANALYSIS = YES;
				CLANG_WARN_STRICT_PROTOTYPES = YES;
				CLANG_WARN_SUSPICIOUS_MOVE = YES;
				CLANG_WARN_UNGUARDED_AVAILABILITY = YES_AGGRESSIVE;
				CLANG_WARN_UNREACHABLE_CODE = YES;
				CLANG_WARN__DUPLICATE_METHOD_MATCH = YES;
				COPY_PHASE_STRIP = NO;
				DEBUG_INFORMATION_FORMAT = "dwarf-with-dsym";
				ENABLE_NS_ASSERTIONS = NO;
				ENABLE_STRICT_OBJC_MSGSEND = YES;
				ENABLE_USER_SCRIPT_SANDBOXING = YES;
				GCC_C_LANGUAGE_STANDARD = gnu17;
				GCC_NO_COMMON_BLOCKS = YES;
				GCC_WARN_64_TO_32_BIT_CONVERSION = YES;
				GCC_WARN_ABOUT_RETURN_TYPE = YES_ERROR;
				GCC_WARN_UNDECLARED_SELECTOR = YES;
				GCC_WARN_UNINITIALIZED_AUTOS = YES_AGGRESSIVE;
				GCC_WARN_UNUSED_FUNCTION = YES;
				GCC_WARN_UNUSED_VARIABLE = YES;
				LOCALIZATION_PREFERS_STRING_CATALOGS = YES;
				MACOSX_DEPLOYMENT_TARGET = 14.0;
				MTL_ENABLE_DEBUG_INFO = NO;
				MTL_FAST_MATH = YES;
				SDKROOT = macosx;
			};
			name = Release;
		};
		1522B2282C1B84CB00FD995D /* Debug */ = {
			isa = XCBuildConfiguration;
			buildSettings = {
				CODE_SIGN_STYLE = Automatic;
				DEVELOPMENT_TEAM = Y86Y58JCK5;
				ENABLE_HARDENED_RUNTIME = YES;
				PRODUCT_NAME = "$(TARGET_NAME)";
			};
			name = Debug;
		};
		1522B2292C1B84CB00FD995D /* Release */ = {
			isa = XCBuildConfiguration;
			buildSettings = {
				CODE_SIGN_STYLE = Automatic;
				DEVELOPMENT_TEAM = Y86Y58JCK5;
				ENABLE_HARDENED_RUNTIME = YES;
				PRODUCT_NAME = "$(TARGET_NAME)";
			};
			name = Release;
		};
/* End XCBuildConfiguration section */

/* Begin XCConfigurationList section */
		1522B21B2C1B84CB00FD995D /* Build configuration list for PBXProject "XCodePracticeC++" */ = {
			isa = XCConfigurationList;
			buildConfigurations = (
				1522B2252C1B84CB00FD995D /* Debug */,
				1522B2262C1B84CB00FD995D /* Release */,
			);
			defaultConfigurationIsVisible = 0;
			defaultConfigurationName = Release;
		};
		1522B2272C1B84CB00FD995D /* Build configuration list for PBXNativeTarget "XCodePracticeC++" */ = {
			isa = XCConfigurationList;
			buildConfigurations = (
				1522B2282C1B84CB00FD995D /* Debug */,
				1522B2292C1B84CB00FD995D /* Release */,
			);
			defaultConfigurationIsVisible = 0;
			defaultConfigurationName = Release;
		};
/* End XCConfigurationList section */
	};
	rootObject = 1522B2182C1B84CB00FD995D /* Project object */;
}
